
Microsoft Visual Studio Solution File, Format Version 12.00
# Visual Studio Version 17
VisualStudioVersion = 17.9.34622.214
MinimumVisualStudioVersion = 10.0.40219.1
Project("{9A19103F-16F7-4668-BE54-9A1E7A4F7556}") = "DeliveryCompany", "DeliveryCompany\DeliveryCompany.csproj", "{EE99E1D5-689C-4DFB-9EC1-70286511BC4C}"
EndProject
Project("{9A19103F-16F7-4668-BE54-9A1E7A4F7556}") = "DataAccess", "DataAccess\DataAccess.csproj", "{DB10F294-4E8D-4276-B6C0-ACE51365808F}"
EndProject
Project("{9A19103F-16F7-4668-BE54-9A1E7A4F7556}") = "Models", "Models\Models.csproj", "{E54E7AFB-FA2E-454A-B36E-A93C86EC7075}"
EndProject
Project("{FAE04EC0-301F-11D3-BF4B-00C04F79EFBC}") = "Constants", "Constants\Constants.csproj", "{A2EB956A-2C4E-46C5-BD30-7A69773EABC0}"
EndProject
Global
	GlobalSection(SolutionConfigurationPlatforms) = preSolution
		Debug|Any CPU = Debug|Any CPU
		Release|Any CPU = Release|Any CPU
	EndGlobalSection
	GlobalSection(ProjectConfigurationPlatforms) = postSolution
		{EE99E1D5-689C-4DFB-9EC1-70286511BC4C}.Debug|Any CPU.ActiveCfg = Debug|Any CPU
		{EE99E1D5-689C-4DFB-9EC1-70286511BC4C}.Debug|Any CPU.Build.0 = Debug|Any CPU
		{EE99E1D5-689C-4DFB-9EC1-70286511BC4C}.Release|Any CPU.ActiveCfg = Release|Any CPU
		{EE99E1D5-689C-4DFB-9EC1-70286511BC4C}.Release|Any CPU.Build.0 = Release|Any CPU
		{DB10F294-4E8D-4276-B6C0-ACE51365808F}.Debug|Any CPU.ActiveCfg = Debug|Any CPU
		{DB10F294-4E8D-4276-B6C0-ACE51365808F}.Debug|Any CPU.Build.0 = Debug|Any CPU
		{DB10F294-4E8D-4276-B6C0-ACE51365808F}.Release|Any CPU.ActiveCfg = Release|Any CPU
		{DB10F294-4E8D-4276-B6C0-ACE51365808F}.Release|Any CPU.Build.0 = Release|Any CPU
		{E54E7AFB-FA2E-454A-B36E-A93C86EC7075}.Debug|Any CPU.ActiveCfg = Debug|Any CPU
		{E54E7AFB-FA2E-454A-B36E-A93C86EC7075}.Debug|Any CPU.Build.0 = Debug|Any CPU
		{E54E7AFB-FA2E-454A-B36E-A93C86EC7075}.Release|Any CPU.ActiveCfg = Release|Any CPU
		{E54E7AFB-FA2E-454A-B36E-A93C86EC7075}.Release|Any CPU.Build.0 = Release|Any CPU
		{A2EB956A-2C4E-46C5-BD30-7A69773EABC0}.Debug|Any CPU.ActiveCfg = Debug|Any CPU
		{A2EB956A-2C4E-46C5-BD30-7A69773EABC0}.Debug|Any CPU.Build.0 = Debug|Any CPU
		{A2EB956A-2C4E-46C5-BD30-7A69773EABC0}.Release|Any CPU.ActiveCfg = Release|Any CPU
		{A2EB956A-2C4E-46C5-BD30-7A69773EABC0}.Release|Any CPU.Build.0 = Release|Any CPU
	EndGlobalSection
	GlobalSection(SolutionProperties) = preSolution
		HideSolutionNode = FALSE
	EndGlobalSection
	GlobalSection(ExtensibilityGlobals) = postSolution
		SolutionGuid = {241B6935-8090-42C1-9806-5510343F6F88}
	EndGlobalSection
EndGlobal
